// !$*UTF8*$!
{
	archiveVersion = 1;
	classes = {
	};
	objectVersion = 56;
	objects = {

/* Begin PBXBuildFile section */
		85AB4A6A7B8CAFFB15DF0F86 /* DogCareTrackerApp.swift in Sources */ = {isa = PBXBuildFile; fileRef = 0D05536E9B4219D03817F585 /* DogCareTrackerApp.swift */; };
		501268F7524DB7C5EBFECD9A /* ContentView.swift in Sources */ = {isa = PBXBuildFile; fileRef = FE593EE685E62E94108BBF83 /* ContentView.swift */; };
		7CD73B7C3C185D21E8FBE7B0 /* AppDelegate.swift in Sources */ = {isa = PBXBuildFile; fileRef = 7F10995A6B82A5206568FCD9 /* AppDelegate.swift */; };
		86FB105F872EA29928F4E8CE /* PushNotificationManager.swift in Sources */ = {isa = PBXBuildFile; fileRef = 7008B52628597888ED9F348A /* PushNotificationManager.swift */; };
		CAA5B7CE48F48CF123F53E09 /* Assets.xcassets in Resources */ = {isa = PBXBuildFile; fileRef = F5DF01A0213148A1C9CF1527 /* Assets.xcassets */; };
		5883E31EDBDA1091F102ADB6 /* CareModels.swift in Sources */ = {isa = PBXBuildFile; fileRef = 0B58770F19DA5E7CA8D6B8E9 /* CareModels.swift */; };
		1DC5DA923CBE251F9CCAC72A /* DogCareStore.swift in Sources */ = {isa = PBXBuildFile; fileRef = 49D2EBBD718A3C7510C6F3A3 /* DogCareStore.swift */; };
		E5A1F51394F11B0A5319EA49 /* DashboardView.swift in Sources */ = {isa = PBXBuildFile; fileRef = 072EF0D3B175ECE6C84FAE3A /* DashboardView.swift */; };
		4293002011CAEF6E12087CEA /* HistoryView.swift in Sources */ = {isa = PBXBuildFile; fileRef = 05B2ADC65731C19FABD2C29B /* HistoryView.swift */; };
		B7468889CBF6064516BA2002 /* SettingsView.swift in Sources */ = {isa = PBXBuildFile; fileRef = 1245D64A3B3A6ECEEAC4726F /* SettingsView.swift */; };
/* End PBXBuildFile section */

/* Begin PBXFileReference section */
		0D05536E9B4219D03817F585 /* DogCareTrackerApp.swift */ = {isa = PBXFileReference; lastKnownFileType = sourcecode.swift; path = DogCareTrackerApp.swift; sourceTree = "<group>"; };
		FE593EE685E62E94108BBF83 /* ContentView.swift */ = {isa = PBXFileReference; lastKnownFileType = sourcecode.swift; path = ContentView.swift; sourceTree = "<group>"; };
		7F10995A6B82A5206568FCD9 /* AppDelegate.swift */ = {isa = PBXFileReference; lastKnownFileType = sourcecode.swift; path = AppDelegate.swift; sourceTree = "<group>"; };
		7008B52628597888ED9F348A /* PushNotificationManager.swift */ = {isa = PBXFileReference; lastKnownFileType = sourcecode.swift; path = PushNotificationManager.swift; sourceTree = "<group>"; };
		7759AC868A6DC93DA402E3D6 /* Info.plist */ = {isa = PBXFileReference; lastKnownFileType = text.plist.xml; path = Info.plist; sourceTree = "<group>"; };
		F5DF01A0213148A1C9CF1527 /* Assets.xcassets */ = {isa = PBXFileReference; lastKnownFileType = folder.assetcatalog; path = Assets.xcassets; sourceTree = "<group>"; };
		BCA7CE8168864E75574362F0 /* DogCareTracker.app */ = {isa = PBXFileReference; explicitFileType = wrapper.application; includeInIndex = 0; path = DogCareTracker.app; sourceTree = BUILT_PRODUCTS_DIR; };
		0B58770F19DA5E7CA8D6B8E9 /* CareModels.swift */ = {isa = PBXFileReference; lastKnownFileType = sourcecode.swift; path = CareModels.swift; sourceTree = "<group>"; };
		49D2EBBD718A3C7510C6F3A3 /* DogCareStore.swift */ = {isa = PBXFileReference; lastKnownFileType = sourcecode.swift; path = DogCareStore.swift; sourceTree = "<group>"; };
		072EF0D3B175ECE6C84FAE3A /* DashboardView.swift */ = {isa = PBXFileReference; lastKnownFileType = sourcecode.swift; path = DashboardView.swift; sourceTree = "<group>"; };
		05B2ADC65731C19FABD2C29B /* HistoryView.swift */ = {isa = PBXFileReference; lastKnownFileType = sourcecode.swift; path = HistoryView.swift; sourceTree = "<group>"; };
		1245D64A3B3A6ECEEAC4726F /* SettingsView.swift */ = {isa = PBXFileReference; lastKnownFileType = sourcecode.swift; path = SettingsView.swift; sourceTree = "<group>"; };
/* End PBXFileReference section */

/* Begin PBXFrameworksBuildPhase section */
		76842FB705E3E901BDDDDBF6 /* Frameworks */ = {
			isa = PBXFrameworksBuildPhase;
			buildActionMask = 2147483647;
			files = (
			);
			runOnlyForDeploymentPostprocessing = 0;
		};
/* End PBXFrameworksBuildPhase section */

/* Begin PBXGroup section */
436BA08A2F46DA19784B374F /* DogCareTracker */ = {
	isa = PBXGroup;
	children = (
				0C5A3921D8EAD63517B8D611 /* Views */,
				CDB8083CB69328BAA381E98B /* Services */,
				EABB8D084BDB00E634DA8C06 /* Models */,
		5615FED5B43388C276A5488E /* App */,
		FE593EE685E62E94108BBF83 /* ContentView.swift */,
		D9902594DAD0690F0ACA2FD8 /* Core */,
		B6E045E7E74F7154DE885804 /* Resources */,
	);
	path = DogCareTracker;
	sourceTree = "<group>";
};
5615FED5B43388C276A5488E /* App */ = {
	isa = PBXGroup;
	children = (
		0D05536E9B4219D03817F585 /* DogCareTrackerApp.swift */,
	);
	path = App;
	sourceTree = "<group>";
};
D9902594DAD0690F0ACA2FD8 /* Core */ = {
	isa = PBXGroup;
	children = (
		F41E0AF313F3FCE57A98A72D /* Notifications */,
	);
	path = Core;
	sourceTree = "<group>";
};
F41E0AF313F3FCE57A98A72D /* Notifications */ = {
	isa = PBXGroup;
	children = (
		7F10995A6B82A5206568FCD9 /* AppDelegate.swift */,
		7008B52628597888ED9F348A /* PushNotificationManager.swift */,
	);
	path = Notifications;
	sourceTree = "<group>";
};
B6E045E7E74F7154DE885804 /* Resources */ = {
	isa = PBXGroup;
	children = (
		7759AC868A6DC93DA402E3D6 /* Info.plist */,
		F5DF01A0213148A1C9CF1527 /* Assets.xcassets */,
	);
	path = Resources;
	sourceTree = "<group>";
};
60A474EBC68848FB222C6AE9 = {
	isa = PBXGroup;
	children = (
		436BA08A2F46DA19784B374F /* DogCareTracker */,
		09AD5E3EE368C63D7EC6CB6B /* Products */,
	);
	sourceTree = "<group>";
};
09AD5E3EE368C63D7EC6CB6B /* Products */ = {
	isa = PBXGroup;
	children = (
		BCA7CE8168864E75574362F0 /* DogCareTracker.app */,
	);
	name = Products;
	sourceTree = "<group>";
};
		EABB8D084BDB00E634DA8C06 /* Models */ = {
			isa = PBXGroup;
			children = (
				0B58770F19DA5E7CA8D6B8E9 /* CareModels.swift */,
			);
			path = Models;
			sourceTree = "<group>";
		};
		CDB8083CB69328BAA381E98B /* Services */ = {
			isa = PBXGroup;
			children = (
				49D2EBBD718A3C7510C6F3A3 /* DogCareStore.swift */,
			);
			path = Services;
			sourceTree = "<group>";
		};
		0C5A3921D8EAD63517B8D611 /* Views */ = {
			isa = PBXGroup;
			children = (
				1245D64A3B3A6ECEEAC4726F /* SettingsView.swift */,
				05B2ADC65731C19FABD2C29B /* HistoryView.swift */,
				072EF0D3B175ECE6C84FAE3A /* DashboardView.swift */,
			);
			path = Views;
			sourceTree = "<group>";
		};
/* End PBXGroup section */

/* Begin PBXNativeTarget section */
		59DC91D01F609298BFE99B0F /* DogCareTracker */ = {
			isa = PBXNativeTarget;
			buildConfigurationList = F45D475B1B48B1875BE68FA2 /* Build configuration list for PBXNativeTarget "DogCareTracker" */;
			buildPhases = (
				59E082B3CE696DF86B97E0A6 /* Sources */,
				76842FB705E3E901BDDDDBF6 /* Frameworks */,
				D676E1EF331826EF23F29B47 /* Resources */,
			);
			buildRules = (
			);
			dependencies = (
			);
			name = DogCareTracker;
			productName = DogCareTracker;
			productReference = BCA7CE8168864E75574362F0 /* DogCareTracker.app */;
			productType = "com.apple.product-type.application";
		};
/* End PBXNativeTarget section */

/* Begin PBXProject section */
		FA708516F906441C47DCA425 /* Project object */ = {
			isa = PBXProject;
			attributes = {
				BuildIndependentTargetsInParallel = 1;
				LastSwiftUpdateCheck = 1540;
				LastUpgradeCheck = 1540;
				TargetAttributes = {
					59DC91D01F609298BFE99B0F = {
						CreatedOnToolsVersion = 15.4;
					};
				};
			};
			buildConfigurationList = F484F13C014BB11580DA7BAA /* Build configuration list for PBXProject "DogCareTracker" */;
			compatibilityVersion = "Xcode 14.0";
			developmentRegion = en;
			hasScannedForEncodings = 0;
			knownRegions = (
				en,
				Base,
			);
			mainGroup = 60A474EBC68848FB222C6AE9;
			productRefGroup = 09AD5E3EE368C63D7EC6CB6B /* Products */;
			projectDirPath = "";
			projectRoot = "";
			targets = (
				59DC91D01F609298BFE99B0F /* DogCareTracker */,
			);
		};
/* End PBXProject section */

/* Begin PBXResourcesBuildPhase section */
		D676E1EF331826EF23F29B47 /* Resources */ = {
			isa = PBXResourcesBuildPhase;
			buildActionMask = 2147483647;
			files = (
				CAA5B7CE48F48CF123F53E09 /* Assets.xcassets in Resources */,
			);
			runOnlyForDeploymentPostprocessing = 0;
		};
/* End PBXResourcesBuildPhase section */

/* Begin PBXSourcesBuildPhase section */
		59E082B3CE696DF86B97E0A6 /* Sources */ = {
			isa = PBXSourcesBuildPhase;
			buildActionMask = 2147483647;
			files = (
				B7468889CBF6064516BA2002 /* SettingsView.swift in Sources */,
				4293002011CAEF6E12087CEA /* HistoryView.swift in Sources */,
				E5A1F51394F11B0A5319EA49 /* DashboardView.swift in Sources */,
				1DC5DA923CBE251F9CCAC72A /* DogCareStore.swift in Sources */,
				5883E31EDBDA1091F102ADB6 /* CareModels.swift in Sources */,
				85AB4A6A7B8CAFFB15DF0F86 /* DogCareTrackerApp.swift in Sources */,
				501268F7524DB7C5EBFECD9A /* ContentView.swift in Sources */,
				7CD73B7C3C185D21E8FBE7B0 /* AppDelegate.swift in Sources */,
				86FB105F872EA29928F4E8CE /* PushNotificationManager.swift in Sources */,
			);
			runOnlyForDeploymentPostprocessing = 0;
		};
/* End PBXSourcesBuildPhase section */

/* Begin XCBuildConfiguration section */
		99940259AF956EED4841194A /* Debug */ = {
			isa = XCBuildConfiguration;
			buildSettings = {
				ALWAYS_SEARCH_USER_PATHS = NO;
				ASSETCATALOG_COMPILER_GENERATE_SWIFT_ASSET_SYMBOL_EXTENSIONS = YES;
				CLANG_ANALYZER_NONNULL = YES;
				CLANG_ANALYZER_NUMBER_OBJECT_CONVERSION = YES_AGGRESSIVE;
				CLANG_CXX_LANGUAGE_STANDARD = "gnu++20";
				CLANG_ENABLE_MODULES = YES;
				CLANG_ENABLE_OBJC_ARC = YES;
				CLANG_ENABLE_OBJC_WEAK = YES;
				CLANG_WARN_BLOCK_CAPTURE_AUTORELEASING = YES;
				CLANG_WARN_BOOL_CONVERSION = YES;
				CLANG_WARN_COMMA = YES;
				CLANG_WARN_CONSTANT_CONVERSION = YES;
				CLANG_WARN_DEPRECATED_OBJC_IMPLEMENTATIONS = YES;
				CLANG_WARN_DIRECT_OBJC_ISA_USAGE = YES_ERROR;
				CLANG_WARN_DOCUMENTATION_COMMENTS = YES;
				CLANG_WARN_EMPTY_BODY = YES;
				CLANG_WARN_ENUM_CONVERSION = YES;
				CLANG_WARN_INFINITE_RECURSION = YES;
				CLANG_WARN_INT_CONVERSION = YES;
				CLANG_WARN_NON_LITERAL_NULL_CONVERSION = YES;
				CLANG_WARN_OBJC_IMPLICIT_RETAIN_SELF = YES;
				CLANG_WARN_OBJC_LITERAL_CONVERSION = YES;
				CLANG_WARN_OBJC_ROOT_CLASS = YES_ERROR;
				CLANG_WARN_QUOTED_INCLUDE_IN_FRAMEWORK_HEADER = YES;
				CLANG_WARN_RANGE_LOOP_ANALYSIS = YES;
				CLANG_WARN_STRICT_PROTOTYPES = YES;
				CLANG_WARN_SUSPICIOUS_MOVE = YES;
				CLANG_WARN_UNGUARDED_AVAILABILITY = YES_AGGRESSIVE;
				CLANG_WARN_UNREACHABLE_CODE = YES;
				CLANG_WARN__DUPLICATE_METHOD_MATCH = YES;
				COPY_PHASE_STRIP = NO;
				DEBUG_INFORMATION_FORMAT = dwarf;
				ENABLE_STRICT_OBJC_MSGSEND = YES;
				ENABLE_TESTABILITY = YES;
				ENABLE_USER_SCRIPT_SANDBOXING = YES;
				GCC_C_LANGUAGE_STANDARD = gnu17;
				GCC_DYNAMIC_NO_PIC = NO;
				GCC_NO_COMMON_BLOCKS = YES;
				GCC_OPTIMIZATION_LEVEL = 0;
				GCC_PREPROCESSOR_DEFINITIONS = (
					"DEBUG=1",
					"$(inherited)",
				);
				GCC_WARN_64_TO_32_BIT_CONVERSION = YES;
				GCC_WARN_ABOUT_RETURN_TYPE = YES_ERROR;
				GCC_WARN_UNDECLARED_SELECTOR = YES;
				GCC_WARN_UNINITIALIZED_AUTOS = YES_AGGRESSIVE;
				GCC_WARN_UNUSED_FUNCTION = YES;
				GCC_WARN_UNUSED_VARIABLE = YES;
				IPHONEOS_DEPLOYMENT_TARGET = 17.0;
				LOCALIZATION_PREFERS_STRING_CATALOGS = YES;
				MTL_ENABLE_DEBUG_INFO = INCLUDE_SOURCE;
				MTL_FAST_MATH = YES;
				ONLY_ACTIVE_ARCH = YES;
				SDKROOT = iphoneos;
				SWIFT_ACTIVE_COMPILATION_CONDITIONS = "DEBUG $(inherited)";
				SWIFT_OPTIMIZATION_LEVEL = "-Onone";
			};
			name = Debug;
		};
		1DDF50E9F04EDB742C6ED69F /* Release */ = {
			isa = XCBuildConfiguration;
			buildSettings = {
				ALWAYS_SEARCH_USER_PATHS = NO;
				ASSETCATALOG_COMPILER_GENERATE_SWIFT_ASSET_SYMBOL_EXTENSIONS = YES;
				CLANG_ANALYZER_NONNULL = YES;
				CLANG_ANALYZER_NUMBER_OBJECT_CONVERSION = YES_AGGRESSIVE;
				CLANG_CXX_LANGUAGE_STANDARD = "gnu++20";
				CLANG_ENABLE_MODULES = YES;
				CLANG_ENABLE_OBJC_ARC = YES;
				CLANG_ENABLE_OBJC_WEAK = YES;
				CLANG_WARN_BLOCK_CAPTURE_AUTORELEASING = YES;
				CLANG_WARN_BOOL_CONVERSION = YES;
				CLANG_WARN_COMMA = YES;
				CLANG_WARN_CONSTANT_CONVERSION = YES;
				CLANG_WARN_DEPRECATED_OBJC_IMPLEMENTATIONS = YES;
				CLANG_WARN_DIRECT_OBJC_ISA_USAGE = YES_ERROR;
				CLANG_WARN_DOCUMENTATION_COMMENTS = YES;
				CLANG_WARN_EMPTY_BODY = YES;
				CLANG_WARN_ENUM_CONVERSION = YES;
				CLANG_WARN_INFINITE_RECURSION = YES;
				CLANG_WARN_INT_CONVERSION = YES;
				CLANG_WARN_NON_LITERAL_NULL_CONVERSION = YES;
				CLANG_WARN_OBJC_IMPLICIT_RETAIN_SELF = YES;
				CLANG_WARN_OBJC_LITERAL_CONVERSION = YES;
				CLANG_WARN_OBJC_ROOT_CLASS = YES_ERROR;
				CLANG_WARN_QUOTED_INCLUDE_IN_FRAMEWORK_HEADER = YES;
				CLANG_WARN_RANGE_LOOP_ANALYSIS = YES;
				CLANG_WARN_STRICT_PROTOTYPES = YES;
				CLANG_WARN_SUSPICIOUS_MOVE = YES;
				CLANG_WARN_UNGUARDED_AVAILABILITY = YES_AGGRESSIVE;
				CLANG_WARN_UNREACHABLE_CODE = YES;
				CLANG_WARN__DUPLICATE_METHOD_MATCH = YES;
				COPY_PHASE_STRIP = NO;
				DEBUG_INFORMATION_FORMAT = "dwarf-with-dsym";
				ENABLE_NS_ASSERTIONS = NO;
				ENABLE_STRICT_OBJC_MSGSEND = YES;
				ENABLE_USER_SCRIPT_SANDBOXING = YES;
				GCC_C_LANGUAGE_STANDARD = gnu17;
				GCC_NO_COMMON_BLOCKS = YES;
				GCC_WARN_64_TO_32_BIT_CONVERSION = YES;
				GCC_WARN_ABOUT_RETURN_TYPE = YES_ERROR;
				GCC_WARN_UNDECLARED_SELECTOR = YES;
				GCC_WARN_UNINITIALIZED_AUTOS = YES_AGGRESSIVE;
				GCC_WARN_UNUSED_FUNCTION = YES;
				GCC_WARN_UNUSED_VARIABLE = YES;
				IPHONEOS_DEPLOYMENT_TARGET = 17.0;
				LOCALIZATION_PREFERS_STRING_CATALOGS = YES;
				MTL_ENABLE_DEBUG_INFO = NO;
				MTL_FAST_MATH = YES;
				SDKROOT = iphoneos;
				SWIFT_COMPILATION_MODE = wholemodule;
				VALIDATE_PRODUCT = YES;
			};
			name = Release;
		};
		E44867B797A47D039E00D5B2 /* Debug */ = {
			isa = XCBuildConfiguration;
			buildSettings = {
				ASSETCATALOG_COMPILER_APPICON_NAME = AppIcon;
				CODE_SIGN_STYLE = Automatic;
				CURRENT_PROJECT_VERSION = 1;
				GENERATE_INFOPLIST_FILE = NO;
				INFOPLIST_FILE = DogCareTracker/Resources/Info.plist;
				INFOPLIST_KEY_CFBundleDisplayName = "Dog Care";
				INFOPLIST_KEY_UIApplicationSceneManifest_Generation = YES;
				INFOPLIST_KEY_UIApplicationSupportsIndirectInputEvents = YES;
				INFOPLIST_KEY_UIStatusBarStyle = "";
				LD_RUNPATH_SEARCH_PATHS = (
					"$(inherited)",
					"@executable_path/Frameworks",
				);
				MARKETING_VERSION = 1.0.0;
				PRODUCT_BUNDLE_IDENTIFIER = com.baiteks.DogCareTracker;
				PRODUCT_NAME = "$(TARGET_NAME)";
				SWIFT_EMIT_LOC_STRINGS = YES;
				SWIFT_VERSION = 5.0;
				TARGETED_DEVICE_FAMILY = "1,2";
			};
			name = Debug;
		};
		81BF90116603F8143A712DB6 /* Release */ = {
			isa = XCBuildConfiguration;
			buildSettings = {
				ASSETCATALOG_COMPILER_APPICON_NAME = AppIcon;
				CODE_SIGN_STYLE = Automatic;
				CURRENT_PROJECT_VERSION = 1;
				GENERATE_INFOPLIST_FILE = NO;
				INFOPLIST_FILE = DogCareTracker/Resources/Info.plist;
				INFOPLIST_KEY_CFBundleDisplayName = "Dog Care";
				INFOPLIST_KEY_UIApplicationSceneManifest_Generation = YES;
				INFOPLIST_KEY_UIApplicationSupportsIndirectInputEvents = YES;
				INFOPLIST_KEY_UIStatusBarStyle = "";
				LD_RUNPATH_SEARCH_PATHS = (
					"$(inherited)",
					"@executable_path/Frameworks",
				);
				MARKETING_VERSION = 1.0.0;
				PRODUCT_BUNDLE_IDENTIFIER = com.baiteks.DogCareTracker;
				PRODUCT_NAME = "$(TARGET_NAME)";
				SWIFT_EMIT_LOC_STRINGS = YES;
				SWIFT_VERSION = 5.0;
				TARGETED_DEVICE_FAMILY = "1,2";
			};
			name = Release;
		};
/* End XCBuildConfiguration section */

/* Begin XCConfigurationList section */
		F484F13C014BB11580DA7BAA /* Build configuration list for PBXProject "DogCareTracker" */ = {
			isa = XCConfigurationList;
			buildConfigurations = (
				99940259AF956EED4841194A /* Debug */,
				1DDF50E9F04EDB742C6ED69F /* Release */,
			);
			defaultConfigurationIsVisible = 0;
			defaultConfigurationName = Release;
		};
		F45D475B1B48B1875BE68FA2 /* Build configuration list for PBXNativeTarget "DogCareTracker" */ = {
			isa = XCConfigurationList;
			buildConfigurations = (
				E44867B797A47D039E00D5B2 /* Debug */,
				81BF90116603F8143A712DB6 /* Release */,
			);
			defaultConfigurationIsVisible = 0;
			defaultConfigurationName = Release;
		};
/* End XCConfigurationList section */
	};
	rootObject = FA708516F906441C47DCA425 /* Project object */;
}
